lockfileVersion: '9.0'

settings:
  autoInstallPeers: true
  excludeLinksFromLockfile: false

importers:

  .:
    dependencies:
      '@deepseek-ai/dsh-credentials':
        specifier: link:C:/Users/39795/.dsh/profiles/node_modules/@deepseek-ai/dsh-credentials
        version: link:../../../.dsh/profiles/node_modules/@deepseek-ai/dsh-credentials
      '@deepseek-ai/dsh-tools':
        specifier: link:C:/Users/39795/.dsh/profiles/node_modules/@deepseek-ai/dsh-tools
        version: link:../../../.dsh/profiles/node_modules/@deepseek-ai/dsh-tools
      '@deepseek-ai/schemastery':
        specifier: link:C:/Users/39795/.dsh/profiles/node_modules/@deepseek-ai/schemastery
        version: link:../../../.dsh/profiles/node_modules/@deepseek-ai/schemastery
